
Microsoft Visual Studio Solution File, Format Version 12.00
# Visual Studio Version 16
VisualStudioVersion = 16.0.28809.33
MinimumVisualStudioVersion = 10.0.40219.1
Project("{FAE04EC0-301F-11D3-BF4B-00C04F79EFBC}") = "JokJaBre.Core", "JokJaBre.Core\JokJaBre.Core.csproj", "{6DD6D52D-602A-44D0-AFC1-0FCB32760286}"
EndProject
Global
	GlobalSection(SolutionConfigurationPlatforms) = preSolution
		Debug|Any CPU = Debug|Any CPU
		Release|Any CPU = Release|Any CPU
	EndGlobalSection
	GlobalSection(ProjectConfigurationPlatforms) = postSolution
		{6DD6D52D-602A-44D0-AFC1-0FCB32760286}.Debug|Any CPU.ActiveCfg = Debug|Any CPU
		{6DD6D52D-602A-44D0-AFC1-0FCB32760286}.Debug|Any CPU.Build.0 = Debug|Any CPU
		{6DD6D52D-602A-44D0-AFC1-0FCB32760286}.Release|Any CPU.ActiveCfg = Release|Any CPU
		{6DD6D52D-602A-44D0-AFC1-0FCB32760286}.Release|Any CPU.Build.0 = Release|Any CPU
	EndGlobalSection
	GlobalSection(SolutionProperties) = preSolution
		HideSolutionNode = FALSE
	EndGlobalSection
	GlobalSection(ExtensibilityGlobals) = postSolution
		SolutionGuid = {9AA5381B-A6D1-4B2D-B503-0F68032D5B98}
	EndGlobalSection
EndGlobal
